
Microsoft Visual Studio Solution File, Format Version 12.00
# Visual Studio Version 16
VisualStudioVersion = 16.0.29613.14
MinimumVisualStudioVersion = 10.0.40219.1
Project("{FAE04EC0-301F-11D3-BF4B-00C04F79EFBC}") = "weblab2", "weblab2\weblab2.csproj", "{EB9C5353-3000-439F-B693-F7730BDC4D93}"
EndProject
Global
	GlobalSection(SolutionConfigurationPlatforms) = preSolution
		Debug|Any CPU = Debug|Any CPU
		Release|Any CPU = Release|Any CPU
	EndGlobalSection
	GlobalSection(ProjectConfigurationPlatforms) = postSolution
		{EB9C5353-3000-439F-B693-F7730BDC4D93}.Debug|Any CPU.ActiveCfg = Debug|Any CPU
		{EB9C5353-3000-439F-B693-F7730BDC4D93}.Debug|Any CPU.Build.0 = Debug|Any CPU
		{EB9C5353-3000-439F-B693-F7730BDC4D93}.Release|Any CPU.ActiveCfg = Release|Any CPU
		{EB9C5353-3000-439F-B693-F7730BDC4D93}.Release|Any CPU.Build.0 = Release|Any CPU
	EndGlobalSection
	GlobalSection(SolutionProperties) = preSolution
		HideSolutionNode = FALSE
	EndGlobalSection
	GlobalSection(ExtensibilityGlobals) = postSolution
		SolutionGuid = {CA2FB291-E772-4F21-B39E-BDD6CD83C392}
	EndGlobalSection
EndGlobal
